
Microsoft Visual Studio Solution File, Format Version 12.00
# Visual Studio Version 17
VisualStudioVersion = 17.3.32929.385
MinimumVisualStudioVersion = 10.0.40219.1
Project("{FAE04EC0-301F-11D3-BF4B-00C04F79EFBC}") = "ApiArticle", "ApiArticle\ApiArticle.csproj", "{FF656EA7-2B49-49C1-8930-3C999218D31E}"
EndProject
Global
	GlobalSection(SolutionConfigurationPlatforms) = preSolution
		Debug|Any CPU = Debug|Any CPU
		Release|Any CPU = Release|Any CPU
	EndGlobalSection
	GlobalSection(ProjectConfigurationPlatforms) = postSolution
		{FF656EA7-2B49-49C1-8930-3C999218D31E}.Debug|Any CPU.ActiveCfg = Debug|Any CPU
		{FF656EA7-2B49-49C1-8930-3C999218D31E}.Debug|Any CPU.Build.0 = Debug|Any CPU
		{FF656EA7-2B49-49C1-8930-3C999218D31E}.Release|Any CPU.ActiveCfg = Release|Any CPU
		{FF656EA7-2B49-49C1-8930-3C999218D31E}.Release|Any CPU.Build.0 = Release|Any CPU
	EndGlobalSection
	GlobalSection(SolutionProperties) = preSolution
		HideSolutionNode = FALSE
	EndGlobalSection
	GlobalSection(ExtensibilityGlobals) = postSolution
		SolutionGuid = {7F2CAB56-064D-4636-ADB3-7BA77447D152}
	EndGlobalSection
EndGlobal
